
Microsoft Visual Studio Solution File, Format Version 12.00
# Visual Studio 14
VisualStudioVersion = 14.0.25420.1
MinimumVisualStudioVersion = 10.0.40219.1
Project("{2150E333-8FDC-42A3-9474-1A3956D46DE8}") = "src", "src", "{14A9F737-91A5-43EA-9446-3DCF59C68799}"
EndProject
Project("{2150E333-8FDC-42A3-9474-1A3956D46DE8}") = "Solution Items", "Solution Items", "{4CCFA113-CAD0-415D-A29C-6B2E145412AB}"
	ProjectSection(SolutionItems) = preProject
		global.json = global.json
	EndProjectSection
EndProject
Project("{8BB2217D-0F2D-49D1-97BC-3654ED321F3B}") = "AspNetCore.Authentication.Session", "src\AspNetCore.Authentication.Session\AspNetCore.Authentication.Session.xproj", "{317F7103-839B-4FCF-97BB-DF391BBF5913}"
EndProject
Global
	GlobalSection(SolutionConfigurationPlatforms) = preSolution
		Debug|Any CPU = Debug|Any CPU
		Release|Any CPU = Release|Any CPU
	EndGlobalSection
	GlobalSection(ProjectConfigurationPlatforms) = postSolution
		{317F7103-839B-4FCF-97BB-DF391BBF5913}.Debug|Any CPU.ActiveCfg = Debug|Any CPU
		{317F7103-839B-4FCF-97BB-DF391BBF5913}.Debug|Any CPU.Build.0 = Debug|Any CPU
		{317F7103-839B-4FCF-97BB-DF391BBF5913}.Release|Any CPU.ActiveCfg = Release|Any CPU
		{317F7103-839B-4FCF-97BB-DF391BBF5913}.Release|Any CPU.Build.0 = Release|Any CPU
	EndGlobalSection
	GlobalSection(SolutionProperties) = preSolution
		HideSolutionNode = FALSE
	EndGlobalSection
	GlobalSection(NestedProjects) = preSolution
		{317F7103-839B-4FCF-97BB-DF391BBF5913} = {14A9F737-91A5-43EA-9446-3DCF59C68799}
	EndGlobalSection
EndGlobal
